{
  "name": "simple-flakeid-demo",
  "version": "1.0.0",
  "lockfileVersion": 1,
  "requires": true,
  "dependencies": {
    "simple-flakeid": {
      "version": "0.0.4",
      "resolved": "https://registry.npmjs.org/simple-flakeid/-/simple-flakeid-0.0.4.tgz",
      "integrity": "sha512-59ruWjnR/cqrREzJ9vVd0oIoTpReufYW7aamsJRKhWKQfh1/bcp1Ngg+4iv+JIs+7r1YDzhh4zpQ+DJfaXXJ4g=="
    }
  }
}
