{
  "name": "simple-flakeid-demo",
  "version": "1.0.0",
  "lockfileVersion": 1,
  "requires": true,
  "dependencies": {
    "simple-flakeid": {
      "version": "0.0.2",
      "resolved": "https://registry.npmjs.org/simple-flakeid/-/simple-flakeid-0.0.2.tgz",
      "integrity": "sha512-wnb0kK89cq/mlDh/ZC5C/0CryYL5TUX1Hg3OHqONUvjKpzBgJSUGPRvedFA5JxBRytIIRxk4K/izmNL21UCdEw=="
    }
  }
}
